// !$*UTF8*$!
{
	archiveVersion = 1;
	classes = {
	};
	objectVersion = 46;
	objects = {

/* Begin PBXBuildFile section */
		DEE3A3A71914862A004DDF02 /* Foundation.framework in Frameworks */ = {isa = PBXBuildFile; fileRef = DEE3A3A61914862A004DDF02 /* Foundation.framework */; };
		DEE3A3AA1914862A004DDF02 /* main.m in Sources */ = {isa = PBXBuildFile; fileRef = DEE3A3A91914862A004DDF02 /* main.m */; };
		DEE3A3AE1914862A004DDF02 /* findMyNumber.1 in CopyFiles */ = {isa = PBXBuildFile; fileRef = DEE3A3AD1914862A004DDF02 /* findMyNumber.1 */; };
/* End PBXBuildFile section */

/* Begin PBXCopyFilesBuildPhase section */
		DEE3A3A11914862A004DDF02 /* CopyFiles */ = {
			isa = PBXCopyFilesBuildPhase;
			buildActionMask = 2147483647;
			dstPath = /usr/share/man/man1/;
			dstSubfolderSpec = 0;
			files = (
				DEE3A3AE1914862A004DDF02 /* findMyNumber.1 in CopyFiles */,
			);
			runOnlyForDeploymentPostprocessing = 1;
		};
/* End PBXCopyFilesBuildPhase section */

/* Begin PBXFileReference section */
		DEE3A3A31914862A004DDF02 /* findMyNumber */ = {isa = PBXFileReference; explicitFileType = "compiled.mach-o.executable"; includeInIndex = 0; path = findMyNumber; sourceTree = BUILT_PRODUCTS_DIR; };
		DEE3A3A61914862A004DDF02 /* Foundation.framework */ = {isa = PBXFileReference; lastKnownFileType = wrapper.framework; name = Foundation.framework; path = System/Library/Frameworks/Foundation.framework; sourceTree = SDKROOT; };
		DEE3A3A91914862A004DDF02 /* main.m */ = {isa = PBXFileReference; lastKnownFileType = sourcecode.c.objc; path = main.m; sourceTree = "<group>"; };
		DEE3A3AC1914862A004DDF02 /* findMyNumber-Prefix.pch */ = {isa = PBXFileReference; lastKnownFileType = sourcecode.c.h; path = "findMyNumber-Prefix.pch"; sourceTree = "<group>"; };
		DEE3A3AD1914862A004DDF02 /* findMyNumber.1 */ = {isa = PBXFileReference; lastKnownFileType = text.man; path = findMyNumber.1; sourceTree = "<group>"; };
/* End PBXFileReference section */

/* Begin PBXFrameworksBuildPhase section */
		DEE3A3A01914862A004DDF02 /* Frameworks */ = {
			isa = PBXFrameworksBuildPhase;
			buildActionMask = 2147483647;
			files = (
				DEE3A3A71914862A004DDF02 /* Foundation.framework in Frameworks */,
			);
			runOnlyForDeploymentPostprocessing = 0;
		};
/* End PBXFrameworksBuildPhase section */

/* Begin PBXGroup section */
		DEE3A39A1914862A004DDF02 = {
			isa = PBXGroup;
			children = (
				DEE3A3A81914862A004DDF02 /* findMyNumber */,
				DEE3A3A51914862A004DDF02 /* Frameworks */,
				DEE3A3A41914862A004DDF02 /* Products */,
			);
			sourceTree = "<group>";
		};
		DEE3A3A41914862A004DDF02 /* Products */ = {
			isa = PBXGroup;
			children = (
				DEE3A3A31914862A004DDF02 /* findMyNumber */,
			);
			name = Products;
			sourceTree = "<group>";
		};
		DEE3A3A51914862A004DDF02 /* Frameworks */ = {
			isa = PBXGroup;
			children = (
				DEE3A3A61914862A004DDF02 /* Foundation.framework */,
			);
			name = Frameworks;
			sourceTree = "<group>";
		};
		DEE3A3A81914862A004DDF02 /* findMyNumber */ = {
			isa = PBXGroup;
			children = (
				DEE3A3A91914862A004DDF02 /* main.m */,
				DEE3A3AD1914862A004DDF02 /* findMyNumber.1 */,
				DEE3A3AB1914862A004DDF02 /* Supporting Files */,
			);
			path = findMyNumber;
			sourceTree = "<group>";
		};
		DEE3A3AB1914862A004DDF02 /* Supporting Files */ = {
			isa = PBXGroup;
			children = (
				DEE3A3AC1914862A004DDF02 /* findMyNumber-Prefix.pch */,
			);
			name = "Supporting Files";
			sourceTree = "<group>";
		};
/* End PBXGroup section */

/* Begin PBXNativeTarget section */
		DEE3A3A21914862A004DDF02 /* findMyNumber */ = {
			isa = PBXNativeTarget;
			buildConfigurationList = DEE3A3B11914862A004DDF02 /* Build configuration list for PBXNativeTarget "findMyNumber" */;
			buildPhases = (
				DEE3A39F1914862A004DDF02 /* Sources */,
				DEE3A3A01914862A004DDF02 /* Frameworks */,
				DEE3A3A11914862A004DDF02 /* CopyFiles */,
			);
			buildRules = (
			);
			dependencies = (
			);
			name = findMyNumber;
			productName = findMyNumber;
			productReference = DEE3A3A31914862A004DDF02 /* findMyNumber */;
			productType = "com.apple.product-type.tool";
		};
/* End PBXNativeTarget section */

/* Begin PBXProject section */
		DEE3A39B1914862A004DDF02 /* Project object */ = {
			isa = PBXProject;
			attributes = {
				LastUpgradeCheck = 0510;
				ORGANIZATIONNAME = "joemdesign, llc";
			};
			buildConfigurationList = DEE3A39E1914862A004DDF02 /* Build configuration list for PBXProject "findMyNumber" */;
			compatibilityVersion = "Xcode 3.2";
			developmentRegion = English;
			hasScannedForEncodings = 0;
			knownRegions = (
				en,
			);
			mainGroup = DEE3A39A1914862A004DDF02;
			productRefGroup = DEE3A3A41914862A004DDF02 /* Products */;
			projectDirPath = "";
			projectRoot = "";
			targets = (
				DEE3A3A21914862A004DDF02 /* findMyNumber */,
			);
		};
/* End PBXProject section */

/* Begin PBXSourcesBuildPhase section */
		DEE3A39F1914862A004DDF02 /* Sources */ = {
			isa = PBXSourcesBuildPhase;
			buildActionMask = 2147483647;
			files = (
				DEE3A3AA1914862A004DDF02 /* main.m in Sources */,
			);
			runOnlyForDeploymentPostprocessing = 0;
		};
/* End PBXSourcesBuildPhase section */

/* Begin XCBuildConfiguration section */
		DEE3A3AF1914862A004DDF02 /* Debug */ = {
			isa = XCBuildConfiguration;
			buildSettings = {
				ALWAYS_SEARCH_USER_PATHS = NO;
				CLANG_CXX_LANGUAGE_STANDARD = "gnu++0x";
				CLANG_CXX_LIBRARY = "libc++";
				CLANG_ENABLE_MODULES = YES;
				CLANG_ENABLE_OBJC_ARC = YES;
				CLANG_WARN_BOOL_CONVERSION = YES;
				CLANG_WARN_CONSTANT_CONVERSION = YES;
				CLANG_WARN_DIRECT_OBJC_ISA_USAGE = YES_ERROR;
				CLANG_WARN_EMPTY_BODY = YES;
				CLANG_WARN_ENUM_CONVERSION = YES;
				CLANG_WARN_INT_CONVERSION = YES;
				CLANG_WARN_OBJC_ROOT_CLASS = YES_ERROR;
				CLANG_WARN__DUPLICATE_METHOD_MATCH = YES;
				COPY_PHASE_STRIP = NO;
				GCC_C_LANGUAGE_STANDARD = gnu99;
				GCC_DYNAMIC_NO_PIC = NO;
				GCC_ENABLE_OBJC_EXCEPTIONS = YES;
				GCC_OPTIMIZATION_LEVEL = 0;
				GCC_PREPROCESSOR_DEFINITIONS = (
					"DEBUG=1",
					"$(inherited)",
				);
				GCC_SYMBOLS_PRIVATE_EXTERN = NO;
				GCC_WARN_64_TO_32_BIT_CONVERSION = YES;
				GCC_WARN_ABOUT_RETURN_TYPE = YES_ERROR;
				GCC_WARN_UNDECLARED_SELECTOR = YES;
				GCC_WARN_UNINITIALIZED_AUTOS = YES_AGGRESSIVE;
				GCC_WARN_UNUSED_FUNCTION = YES;
				GCC_WARN_UNUSED_VARIABLE = YES;
				MACOSX_DEPLOYMENT_TARGET = 10.9;
				ONLY_ACTIVE_ARCH = YES;
				SDKROOT = macosx;
			};
			name = Debug;
		};
		DEE3A3B01914862A004DDF02 /* Release */ = {
			isa = XCBuildConfiguration;
			buildSettings = {
				ALWAYS_SEARCH_USER_PATHS = NO;
				CLANG_CXX_LANGUAGE_STANDARD = "gnu++0x";
				CLANG_CXX_LIBRARY = "libc++";
				CLANG_ENABLE_MODULES = YES;
				CLANG_ENABLE_OBJC_ARC = YES;
				CLANG_WARN_BOOL_CONVERSION = YES;
				CLANG_WARN_CONSTANT_CONVERSION = YES;
				CLANG_WARN_DIRECT_OBJC_ISA_USAGE = YES_ERROR;
				CLANG_WARN_EMPTY_BODY = YES;
				CLANG_WARN_ENUM_CONVERSION = YES;
				CLANG_WARN_INT_CONVERSION = YES;
				CLANG_WARN_OBJC_ROOT_CLASS = YES_ERROR;
				CLANG_WARN__DUPLICATE_METHOD_MATCH = YES;
				COPY_PHASE_STRIP = YES;
				DEBUG_INFORMATION_FORMAT = "dwarf-with-dsym";
				ENABLE_NS_ASSERTIONS = NO;
				GCC_C_LANGUAGE_STANDARD = gnu99;
				GCC_ENABLE_OBJC_EXCEPTIONS = YES;
				GCC_WARN_64_TO_32_BIT_CONVERSION = YES;
				GCC_WARN_ABOUT_RETURN_TYPE = YES_ERROR;
				GCC_WARN_UNDECLARED_SELECTOR = YES;
				GCC_WARN_UNINITIALIZED_AUTOS = YES_AGGRESSIVE;
				GCC_WARN_UNUSED_FUNCTION = YES;
				GCC_WARN_UNUSED_VARIABLE = YES;
				MACOSX_DEPLOYMENT_TARGET = 10.9;
				SDKROOT = macosx;
			};
			name = Release;
		};
		DEE3A3B21914862A004DDF02 /* Debug */ = {
			isa = XCBuildConfiguration;
			buildSettings = {
				GCC_PRECOMPILE_PREFIX_HEADER = YES;
				GCC_PREFIX_HEADER = "findMyNumber/findMyNumber-Prefix.pch";
				PRODUCT_NAME = "$(TARGET_NAME)";
			};
			name = Debug;
		};
		DEE3A3B31914862A004DDF02 /* Release */ = {
			isa = XCBuildConfiguration;
			buildSettings = {
				GCC_PRECOMPILE_PREFIX_HEADER = YES;
				GCC_PREFIX_HEADER = "findMyNumber/findMyNumber-Prefix.pch";
				PRODUCT_NAME = "$(TARGET_NAME)";
			};
			name = Release;
		};
/* End XCBuildConfiguration section */

/* Begin XCConfigurationList section */
		DEE3A39E1914862A004DDF02 /* Build configuration list for PBXProject "findMyNumber" */ = {
			isa = XCConfigurationList;
			buildConfigurations = (
				DEE3A3AF1914862A004DDF02 /* Debug */,
				DEE3A3B01914862A004DDF02 /* Release */,
			);
			defaultConfigurationIsVisible = 0;
			defaultConfigurationName = Release;
		};
		DEE3A3B11914862A004DDF02 /* Build configuration list for PBXNativeTarget "findMyNumber" */ = {
			isa = XCConfigurationList;
			buildConfigurations = (
				DEE3A3B21914862A004DDF02 /* Debug */,
				DEE3A3B31914862A004DDF02 /* Release */,
			);
			defaultConfigurationIsVisible = 0;
		};
/* End XCConfigurationList section */
	};
	rootObject = DEE3A39B1914862A004DDF02 /* Project object */;
}
